{
  "requires": true,
  "lockfileVersion": 1,
  "dependencies": {
    "@egjs/hammerjs": {
      "version": "2.0.17",
      "resolved": "https://registry.npm.taobao.org/@egjs/hammerjs/download/@egjs/hammerjs-2.0.17.tgz",
      "integrity": "sha1-XcAq91pqBuTC2wICyuOMkmOJUSQ=",
      "requires": {
        "@types/hammerjs": "^2.0.36"
      }
    },
    "@react-native-community/masked-view": {
      "version": "0.1.7",
      "resolved": "https://registry.npm.taobao.org/@react-native-community/masked-view/download/@react-native-community/masked-view-0.1.7.tgz",
      "integrity": "sha1-plzgcC9Vy2f9d3mV3m/Hs+V4GQM="
    },
    "@react-navigation/core": {
      "version": "5.3.2",
      "resolved": "https://registry.npm.taobao.org/@react-navigation/core/download/@react-navigation/core-5.3.2.tgz",
      "integrity": "sha1-86EZCwPcMqJt4taWWaFQlmLIXjM=",
      "requires": {
        "@react-navigation/routers": "^5.2.1",
        "escape-string-regexp": "^2.0.0",
        "nanoid": "^3.0.2",
        "query-string": "^6.11.1",
        "react-is": "^16.13.0",
        "use-subscription": "^1.4.0"
      }
    },
    "@react-navigation/native": {
      "version": "5.1.4",
      "resolved": "https://registry.npm.taobao.org/@react-navigation/native/download/@react-navigation/native-5.1.4.tgz",
      "integrity": "sha1-u53r8lx+H9wl4ATMYAeWjexORKg=",
      "requires": {
        "@react-navigation/core": "^5.3.2"
      }
    },
    "@react-navigation/routers": {
      "version": "5.2.1",
      "resolved": "https://registry.npm.taobao.org/@react-navigation/routers/download/@react-navigation/routers-5.2.1.tgz",
      "integrity": "sha1-xA+Daajgd6gfmLJ0H8XmIJK3KKU=",
      "requires": {
        "nanoid": "^3.0.2"
      }
    },
    "@types/hammerjs": {
      "version": "2.0.36",
      "resolved": "https://registry.npm.taobao.org/@types/hammerjs/download/@types/hammerjs-2.0.36.tgz",
      "integrity": "sha1-F84KI16f+83N9QlWRrN0wr9hWkw="
    },
    "asap": {
      "version": "2.0.6",
      "resolved": "https://registry.npm.taobao.org/asap/download/asap-2.0.6.tgz",
      "integrity": "sha1-5QNHYR1+aQlDIIu9r+vLwvuGbUY="
    },
    "core-js": {
      "version": "2.6.11",
      "resolved": "https://registry.npm.taobao.org/core-js/download/core-js-2.6.11.tgz",
      "integrity": "sha1-OIMUafmSK97Y7iHJ3EaYXgOZMIw="
    },
    "debounce": {
      "version": "1.2.0",
      "resolved": "https://registry.npm.taobao.org/debounce/download/debounce-1.2.0.tgz?cache=0&other_urls=https%3A%2F%2Fregistry.npm.taobao.org%2Fdebounce%2Fdownload%2Fdebounce-1.2.0.tgz",
      "integrity": "sha1-RKVAq8DqmUMBjcDqqVzOh/Zc0TE="
    },
    "decode-uri-component": {
      "version": "0.2.0",
      "resolved": "https://registry.npm.taobao.org/decode-uri-component/download/decode-uri-component-0.2.0.tgz",
      "integrity": "sha1-6zkTMzRYd1y4TNGh+uBiEGu4dUU="
    },
    "encoding": {
      "version": "0.1.12",
      "resolved": "https://registry.npm.taobao.org/encoding/download/encoding-0.1.12.tgz",
      "integrity": "sha1-U4tm8+5izRq1HsMjgp0flIDHS+s=",
      "requires": {
        "iconv-lite": "~0.4.13"
      }
    },
    "escape-string-regexp": {
      "version": "2.0.0",
      "resolved": "https://registry.npm.taobao.org/escape-string-regexp/download/escape-string-regexp-2.0.0.tgz?cache=0&other_urls=https%3A%2F%2Fregistry.npm.taobao.org%2Fescape-string-regexp%2Fdownload%2Fescape-string-regexp-2.0.0.tgz",
      "integrity": "sha1-owME6Z2qMuI7L9IPUbq9B8/8o0Q="
    },
    "fbjs": {
      "version": "1.0.0",
      "resolved": "https://registry.npm.taobao.org/fbjs/download/fbjs-1.0.0.tgz",
      "integrity": "sha1-UsIV4Ig6PIavKnp3btUVJa6OClo=",
      "requires": {
        "core-js": "^2.4.1",
        "fbjs-css-vars": "^1.0.0",
        "isomorphic-fetch": "^2.1.1",
        "loose-envify": "^1.0.0",
        "object-assign": "^4.1.0",
        "promise": "^7.1.1",
        "setimmediate": "^1.0.5",
        "ua-parser-js": "^0.7.18"
      }
    },
    "fbjs-css-vars": {
      "version": "1.0.2",
      "resolved": "https://registry.npm.taobao.org/fbjs-css-vars/download/fbjs-css-vars-1.0.2.tgz",
      "integrity": "sha1-IWVRE2rgL+JVkyw+yHdfGOLAeLg="
    },
    "hoist-non-react-statics": {
      "version": "2.5.5",
      "resolved": "https://registry.npm.taobao.org/hoist-non-react-statics/download/hoist-non-react-statics-2.5.5.tgz",
      "integrity": "sha1-xZA89AnA39kI84jmGdhrnBF0y0c="
    },
    "iconv-lite": {
      "version": "0.4.24",
      "resolved": "https://registry.npm.taobao.org/iconv-lite/download/iconv-lite-0.4.24.tgz?cache=0&sync_timestamp=1579333981154&other_urls=https%3A%2F%2Fregistry.npm.taobao.org%2Ficonv-lite%2Fdownload%2Ficonv-lite-0.4.24.tgz",
      "integrity": "sha1-ICK0sl+93CHS9SSXSkdKr+czkIs=",
      "requires": {
        "safer-buffer": ">= 2.1.2 < 3"
      }
    },
    "invariant": {
      "version": "2.2.4",
      "resolved": "https://registry.npm.taobao.org/invariant/download/invariant-2.2.4.tgz",
      "integrity": "sha1-YQ88ksk1nOHbYW5TgAjSP/NRWOY=",
      "requires": {
        "loose-envify": "^1.0.0"
      }
    },
    "is-stream": {
      "version": "1.1.0",
      "resolved": "https://registry.npm.taobao.org/is-stream/download/is-stream-1.1.0.tgz",
      "integrity": "sha1-EtSj3U5o4Lec6428hBc66A2RykQ="
    },
    "isomorphic-fetch": {
      "version": "2.2.1",
      "resolved": "https://registry.npm.taobao.org/isomorphic-fetch/download/isomorphic-fetch-2.2.1.tgz",
      "integrity": "sha1-YRrhrPFPXoH3KVB0coGf6XM1WKk=",
      "requires": {
        "node-fetch": "^1.0.1",
        "whatwg-fetch": ">=0.10.0"
      }
    },
    "js-tokens": {
      "version": "4.0.0",
      "resolved": "https://registry.npm.taobao.org/js-tokens/download/js-tokens-4.0.0.tgz",
      "integrity": "sha1-GSA/tZmR35jjoocFDUZHzerzJJk="
    },
    "loose-envify": {
      "version": "1.4.0",
      "resolved": "https://registry.npm.taobao.org/loose-envify/download/loose-envify-1.4.0.tgz",
      "integrity": "sha1-ce5R+nvkyuwaY4OffmgtgTLTDK8=",
      "requires": {
        "js-tokens": "^3.0.0 || ^4.0.0"
      }
    },
    "nanoid": {
      "version": "3.0.2",
      "resolved": "https://registry.npm.taobao.org/nanoid/download/nanoid-3.0.2.tgz",
      "integrity": "sha1-N+keb1J3ziIzW+Rz4qXbG9lt0CY="
    },
    "node-fetch": {
      "version": "1.7.3",
      "resolved": "https://registry.npm.taobao.org/node-fetch/download/node-fetch-1.7.3.tgz",
      "integrity": "sha1-mA9vcthSEaU0fGsrwYxbhMPrR+8=",
      "requires": {
        "encoding": "^0.1.11",
        "is-stream": "^1.0.1"
      }
    },
    "object-assign": {
      "version": "4.1.1",
      "resolved": "https://registry.npm.taobao.org/object-assign/download/object-assign-4.1.1.tgz",
      "integrity": "sha1-IQmtx5ZYh8/AXLvUQsrIv7s2CGM="
    },
    "promise": {
      "version": "7.3.1",
      "resolved": "https://registry.npm.taobao.org/promise/download/promise-7.3.1.tgz?cache=0&sync_timestamp=1583146806903&other_urls=https%3A%2F%2Fregistry.npm.taobao.org%2Fpromise%2Fdownload%2Fpromise-7.3.1.tgz",
      "integrity": "sha1-BktyYCsY+Q8pGSuLG8QY/9Hr078=",
      "requires": {
        "asap": "~2.0.3"
      }
    },
    "prop-types": {
      "version": "15.7.2",
      "resolved": "https://registry.npm.taobao.org/prop-types/download/prop-types-15.7.2.tgz?cache=0&sync_timestamp=1580303049679&other_urls=https%3A%2F%2Fregistry.npm.taobao.org%2Fprop-types%2Fdownload%2Fprop-types-15.7.2.tgz",
      "integrity": "sha1-UsQedbjIfnK52TYOAga5ncv/psU=",
      "requires": {
        "loose-envify": "^1.4.0",
        "object-assign": "^4.1.1",
        "react-is": "^16.8.1"
      }
    },
    "query-string": {
      "version": "6.11.1",
      "resolved": "https://registry.npm.taobao.org/query-string/download/query-string-6.11.1.tgz?cache=0&sync_timestamp=1583143721964&other_urls=https%3A%2F%2Fregistry.npm.taobao.org%2Fquery-string%2Fdownload%2Fquery-string-6.11.1.tgz",
      "integrity": "sha1-qwIfJ11GPOG2HojwzmmIs+j+fCw=",
      "requires": {
        "decode-uri-component": "^0.2.0",
        "split-on-first": "^1.0.0",
        "strict-uri-encode": "^2.0.0"
      }
    },
    "react-is": {
      "version": "16.13.1",
      "resolved": "https://registry.npm.taobao.org/react-is/download/react-is-16.13.1.tgz",
      "integrity": "sha1-eJcppNw23imZ3BVt1sHZwYzqVqQ="
    },
    "react-native-gesture-handler": {
      "version": "1.6.1",
      "resolved": "https://registry.npm.taobao.org/react-native-gesture-handler/download/react-native-gesture-handler-1.6.1.tgz",
      "integrity": "sha1-Z44tziUO1m6Tr0CXWb4izWN13Rc=",
      "requires": {
        "@egjs/hammerjs": "^2.0.17",
        "hoist-non-react-statics": "^2.3.1",
        "invariant": "^2.2.4",
        "prop-types": "^15.7.2"
      }
    },
    "react-native-reanimated": {
      "version": "1.7.1",
      "resolved": "https://registry.npm.taobao.org/react-native-reanimated/download/react-native-reanimated-1.7.1.tgz",
      "integrity": "sha1-Y2PH8+u6vFagXV3MrwnZXztqLWk=",
      "requires": {
        "fbjs": "^1.0.0"
      }
    },
    "react-native-safe-area-context": {
      "version": "0.7.3",
      "resolved": "https://registry.npm.taobao.org/react-native-safe-area-context/download/react-native-safe-area-context-0.7.3.tgz",
      "integrity": "sha1-rWvUq7q+GVMyxTgQ5M5YUeshqio="
    },
    "react-native-screens": {
      "version": "2.4.0",
      "resolved": "https://registry.npm.taobao.org/react-native-screens/download/react-native-screens-2.4.0.tgz",
      "integrity": "sha1-dwbyTZQt7jh2JgFO5NlglKPRuc4=",
      "requires": {
        "debounce": "^1.2.0"
      }
    },
    "safer-buffer": {
      "version": "2.1.2",
      "resolved": "https://registry.npm.taobao.org/safer-buffer/download/safer-buffer-2.1.2.tgz",
      "integrity": "sha1-RPoWGwGHuVSd2Eu5GAL5vYOFzWo="
    },
    "setimmediate": {
      "version": "1.0.5",
      "resolved": "https://registry.npm.taobao.org/setimmediate/download/setimmediate-1.0.5.tgz",
      "integrity": "sha1-KQy7Iy4waULX1+qbg3Mqt4VvgoU="
    },
    "split-on-first": {
      "version": "1.1.0",
      "resolved": "https://registry.npm.taobao.org/split-on-first/download/split-on-first-1.1.0.tgz",
      "integrity": "sha1-9hCv7uOxK84dDDBCXnY5i3gkml8="
    },
    "strict-uri-encode": {
      "version": "2.0.0",
      "resolved": "https://registry.npm.taobao.org/strict-uri-encode/download/strict-uri-encode-2.0.0.tgz",
      "integrity": "sha1-ucczDHBChi9rFC3CdLvMWGbONUY="
    },
    "ua-parser-js": {
      "version": "0.7.21",
      "resolved": "https://registry.npm.taobao.org/ua-parser-js/download/ua-parser-js-0.7.21.tgz",
      "integrity": "sha1-hTz5zpP2QvZxdCc8w0Vlrm8wh3c="
    },
    "use-subscription": {
      "version": "1.4.1",
      "resolved": "https://registry.npm.taobao.org/use-subscription/download/use-subscription-1.4.1.tgz?cache=0&other_urls=https%3A%2F%2Fregistry.npm.taobao.org%2Fuse-subscription%2Fdownload%2Fuse-subscription-1.4.1.tgz",
      "integrity": "sha1-7cvMIg8a2y3U+gsvYbbMMI5iAGk=",
      "requires": {
        "object-assign": "^4.1.1"
      }
    },
    "whatwg-fetch": {
      "version": "3.0.0",
      "resolved": "https://registry.npm.taobao.org/whatwg-fetch/download/whatwg-fetch-3.0.0.tgz?cache=0&other_urls=https%3A%2F%2Fregistry.npm.taobao.org%2Fwhatwg-fetch%2Fdownload%2Fwhatwg-fetch-3.0.0.tgz",
      "integrity": "sha1-/IBORYzEYACbGiuWa8iBfSV4rvs="
    }
  }
}
